
Microsoft Visual Studio Solution File, Format Version 12.00
# Visual Studio Version 17
VisualStudioVersion = 17.5.33502.453
MinimumVisualStudioVersion = 10.0.40219.1
Project("{FAE04EC0-301F-11D3-BF4B-00C04F79EFBC}") = "SocialNetwork", "SocialNetwork\SocialNetwork.csproj", "{089A8B4B-A899-4C8A-8C9D-5DEBBC06CF3E}"
EndProject
Global
	GlobalSection(SolutionConfigurationPlatforms) = preSolution
		Debug|Any CPU = Debug|Any CPU
		Release|Any CPU = Release|Any CPU
	EndGlobalSection
	GlobalSection(ProjectConfigurationPlatforms) = postSolution
		{089A8B4B-A899-4C8A-8C9D-5DEBBC06CF3E}.Debug|Any CPU.ActiveCfg = Debug|Any CPU
		{089A8B4B-A899-4C8A-8C9D-5DEBBC06CF3E}.Debug|Any CPU.Build.0 = Debug|Any CPU
		{089A8B4B-A899-4C8A-8C9D-5DEBBC06CF3E}.Release|Any CPU.ActiveCfg = Release|Any CPU
		{089A8B4B-A899-4C8A-8C9D-5DEBBC06CF3E}.Release|Any CPU.Build.0 = Release|Any CPU
	EndGlobalSection
	GlobalSection(SolutionProperties) = preSolution
		HideSolutionNode = FALSE
	EndGlobalSection
	GlobalSection(ExtensibilityGlobals) = postSolution
		SolutionGuid = {1E1F668F-D027-4BB4-BC29-FEE32215DC42}
	EndGlobalSection
EndGlobal
